dependencies:
- name: redis-ha
  repository: https://dandydeveloper.github.io/charts/
  version: 4.17.1
- name: argo-cd
  repository: https://argoproj.github.io/argo-helm/
  version: 4.9.14
digest: sha256:030c15cbef438ffaf0d2410dd57db1fe40db5bb619e449e2d55618ffadb958bc
generated: "2022-07-15T12:16:52.3658625+03:00"
